
Microsoft Visual Studio Solution File, Format Version 12.00
# Visual Studio 15
VisualStudioVersion = 15.0.27703.2035
MinimumVisualStudioVersion = 10.0.40219.1
Project("{FAE04EC0-301F-11D3-BF4B-00C04F79EFBC}") = "Sasuke.JSend", "Sasuke.JSend\Sasuke.JSend.csproj", "{D9BE1645-A704-4229-B143-282CFC839655}"
EndProject
Project("{FAE04EC0-301F-11D3-BF4B-00C04F79EFBC}") = "Sasuke.JSend.Tests", "Sasuke.JSend.Tests\Sasuke.JSend.Tests.csproj", "{FA92A734-5C1A-474D-A4A5-C0C8FBD7EEB9}"
EndProject
Global
	GlobalSection(SolutionConfigurationPlatforms) = preSolution
		Debug|Any CPU = Debug|Any CPU
		Release|Any CPU = Release|Any CPU
	EndGlobalSection
	GlobalSection(ProjectConfigurationPlatforms) = postSolution
		{D9BE1645-A704-4229-B143-282CFC839655}.Debug|Any CPU.ActiveCfg = Debug|Any CPU
		{D9BE1645-A704-4229-B143-282CFC839655}.Debug|Any CPU.Build.0 = Debug|Any CPU
		{D9BE1645-A704-4229-B143-282CFC839655}.Release|Any CPU.ActiveCfg = Release|Any CPU
		{D9BE1645-A704-4229-B143-282CFC839655}.Release|Any CPU.Build.0 = Release|Any CPU
		{FA92A734-5C1A-474D-A4A5-C0C8FBD7EEB9}.Debug|Any CPU.ActiveCfg = Debug|Any CPU
		{FA92A734-5C1A-474D-A4A5-C0C8FBD7EEB9}.Debug|Any CPU.Build.0 = Debug|Any CPU
		{FA92A734-5C1A-474D-A4A5-C0C8FBD7EEB9}.Release|Any CPU.ActiveCfg = Release|Any CPU
		{FA92A734-5C1A-474D-A4A5-C0C8FBD7EEB9}.Release|Any CPU.Build.0 = Release|Any CPU
	EndGlobalSection
	GlobalSection(SolutionProperties) = preSolution
		HideSolutionNode = FALSE
	EndGlobalSection
	GlobalSection(ExtensibilityGlobals) = postSolution
		SolutionGuid = {F10D312F-6C13-4F5C-8C76-D84D1656392F}
	EndGlobalSection
EndGlobal
